# Generated by buf. DO NOT EDIT.
version: v1
deps:
  - remote: buf.build
    owner: go-sdk
    repository: protoc-gen-validate
    commit: 49246dc23b1b4ba98e36c9ce8eb8fd0c
  - remote: buf.build
    owner: googleapis
    repository: googleapis
    commit: 682290e8c4e7413fa295d756ebf05bb8
  - remote: buf.build
    owner: grpc-ecosystem
    repository: grpc-gateway
    commit: ff83506eb9cc4cf8972f49ce87e6ed3e
